
Microsoft Visual Studio Solution File, Format Version 12.00
# Visual Studio Version 16
VisualStudioVersion = 16.0.31515.178
MinimumVisualStudioVersion = 10.0.40219.1
Project("{FAE04EC0-301F-11D3-BF4B-00C04F79EFBC}") = "Demo.Lib.Core", "Demo.Lib.Core\Demo.Lib.Core.csproj", "{F2D78DF8-56DA-4B6C-AAEE-30003ED777F0}"
EndProject
Project("{FAE04EC0-301F-11D3-BF4B-00C04F79EFBC}") = "Demo.Lib.Core.Test", "..\test\Demo.Lib.Core.Test\Demo.Lib.Core.Test.csproj", "{197FFDAB-4692-46DF-A2E6-FD7406D8F4C8}"
EndProject
Project("{FAE04EC0-301F-11D3-BF4B-00C04F79EFBC}") = "Demo.Lib.v7", "Demo.Lib.v7\Demo.Lib.v7.csproj", "{DD150F19-7E59-4990-8A28-EE84E7933C28}"
EndProject
Project("{FAE04EC0-301F-11D3-BF4B-00C04F79EFBC}") = "Demo.Lib.v7.Test", "..\test\Demo.Lib.v7.Test\Demo.Lib.v7.Test.csproj", "{80A2ACF7-C4B4-4548-8E24-6DF2C1516D8A}"
EndProject
Global
	GlobalSection(SolutionConfigurationPlatforms) = preSolution
		Debug|Any CPU = Debug|Any CPU
		Release|Any CPU = Release|Any CPU
	EndGlobalSection
	GlobalSection(ProjectConfigurationPlatforms) = postSolution
		{F2D78DF8-56DA-4B6C-AAEE-30003ED777F0}.Debug|Any CPU.ActiveCfg = Debug|Any CPU
		{F2D78DF8-56DA-4B6C-AAEE-30003ED777F0}.Debug|Any CPU.Build.0 = Debug|Any CPU
		{F2D78DF8-56DA-4B6C-AAEE-30003ED777F0}.Release|Any CPU.ActiveCfg = Release|Any CPU
		{F2D78DF8-56DA-4B6C-AAEE-30003ED777F0}.Release|Any CPU.Build.0 = Release|Any CPU
		{197FFDAB-4692-46DF-A2E6-FD7406D8F4C8}.Debug|Any CPU.ActiveCfg = Debug|Any CPU
		{197FFDAB-4692-46DF-A2E6-FD7406D8F4C8}.Debug|Any CPU.Build.0 = Debug|Any CPU
		{197FFDAB-4692-46DF-A2E6-FD7406D8F4C8}.Release|Any CPU.ActiveCfg = Release|Any CPU
		{197FFDAB-4692-46DF-A2E6-FD7406D8F4C8}.Release|Any CPU.Build.0 = Release|Any CPU
		{DD150F19-7E59-4990-8A28-EE84E7933C28}.Debug|Any CPU.ActiveCfg = Debug|Any CPU
		{DD150F19-7E59-4990-8A28-EE84E7933C28}.Debug|Any CPU.Build.0 = Debug|Any CPU
		{DD150F19-7E59-4990-8A28-EE84E7933C28}.Release|Any CPU.ActiveCfg = Release|Any CPU
		{DD150F19-7E59-4990-8A28-EE84E7933C28}.Release|Any CPU.Build.0 = Release|Any CPU
		{80A2ACF7-C4B4-4548-8E24-6DF2C1516D8A}.Debug|Any CPU.ActiveCfg = Debug|Any CPU
		{80A2ACF7-C4B4-4548-8E24-6DF2C1516D8A}.Debug|Any CPU.Build.0 = Debug|Any CPU
		{80A2ACF7-C4B4-4548-8E24-6DF2C1516D8A}.Release|Any CPU.ActiveCfg = Release|Any CPU
		{80A2ACF7-C4B4-4548-8E24-6DF2C1516D8A}.Release|Any CPU.Build.0 = Release|Any CPU
	EndGlobalSection
	GlobalSection(SolutionProperties) = preSolution
		HideSolutionNode = FALSE
	EndGlobalSection
	GlobalSection(ExtensibilityGlobals) = postSolution
		SolutionGuid = {B1C1ACDE-0E2C-40FE-AC95-CC08CDF9A146}
	EndGlobalSection
EndGlobal
